
Microsoft Visual Studio Solution File, Format Version 12.00
# Visual Studio Version 16
VisualStudioVersion = 16.0.30907.101
MinimumVisualStudioVersion = 10.0.40219.1
Project("{9A19103F-16F7-4668-BE54-9A1E7A4F7556}") = "AllRegionsMod", "AllRegionsMod.csproj", "{47CA89B2-199B-4C71-A76D-87B47534713F}"
EndProject
Global
	GlobalSection(SolutionConfigurationPlatforms) = preSolution
		Debug|Any CPU = Debug|Any CPU
		Release|Any CPU = Release|Any CPU
	EndGlobalSection
	GlobalSection(ProjectConfigurationPlatforms) = postSolution
		{47CA89B2-199B-4C71-A76D-87B47534713F}.Debug|Any CPU.ActiveCfg = Debug|Any CPU
		{47CA89B2-199B-4C71-A76D-87B47534713F}.Debug|Any CPU.Build.0 = Debug|Any CPU
		{47CA89B2-199B-4C71-A76D-87B47534713F}.Release|Any CPU.ActiveCfg = Release|Any CPU
		{47CA89B2-199B-4C71-A76D-87B47534713F}.Release|Any CPU.Build.0 = Release|Any CPU
	EndGlobalSection
	GlobalSection(SolutionProperties) = preSolution
		HideSolutionNode = FALSE
	EndGlobalSection
	GlobalSection(ExtensibilityGlobals) = postSolution
		SolutionGuid = {F127AD07-C2DF-45EB-80D1-E1523C8EE12C}
	EndGlobalSection
EndGlobal
